{
  "name": "speckc_cigna_import",
  "version": "1.0.0",
  "lockfileVersion": 1,
  "requires": true,
  "dependencies": {
    "fixy": {
      "version": "1.1.0",
      "resolved": "https://registry.npmjs.org/fixy/-/fixy-1.1.0.tgz",
      "integrity": "sha1-Ph+9QOv+XXr03J4p+AKSmRa7RpA=",
      "requires": {
        "lodash": "4.17.4",
        "moment": "2.19.1",
        "papaparse": "4.3.6"
      }
    },
    "lodash": {
      "version": "4.17.4",
      "resolved": "https://registry.npmjs.org/lodash/-/lodash-4.17.4.tgz",
      "integrity": "sha1-eCA6TRwyiuHYbcpkYONptX9AVa4="
    },
    "moment": {
      "version": "2.19.1",
      "resolved": "https://registry.npmjs.org/moment/-/moment-2.19.1.tgz",
      "integrity": "sha1-VtoaLRy/AdOLfhr8McELz6GSkWc="
    },
    "papaparse": {
      "version": "4.3.6",
      "resolved": "https://registry.npmjs.org/papaparse/-/papaparse-4.3.6.tgz",
      "integrity": "sha1-lWbtoOyrE6/LdApiOBxpn0hssUU="
    }
  }
}
